<?xml version="1.0" encoding="utf-8"?>
<Project ToolsVersion="4.0" xmlns="http://schemas.microsoft.com/developer/msbuild/2003">
  <ItemGroup>
    <Filter Include="Source Files">
      <UniqueIdentifier>{4FC737F1-C7A5-4376-A066-2A32D752A2FF}</UniqueIdentifier>
      <Extensions>cpp;c;cc;cxx;def;odl;idl;hpj;bat;asm;asmx</Extensions>
    </Filter>
    <Filter Include="Resource Files">
      <UniqueIdentifier>{67DA6AB6-F800-4c08-8B7A-83BB121AAD01}</UniqueIdentifier>
      <Extensions>rc;ico;cur;bmp;dlg;rc2;rct;bin;rgs;gif;jpg;jpeg;jpe;resx;tiff;tif;png;wav;mfcribbon-ms</Extensions>
    </Filter>
    <Filter Include="External">
      <UniqueIdentifier>{29586152-447e-45cc-80b5-3e67d246e2a2}</UniqueIdentifier>
    </Filter>
    <Filter Include="External\INI">
      <UniqueIdentifier>{9d003da5-c84d-45aa-8d86-c72341b29038}</UniqueIdentifier>
    </Filter>
    <Filter Include="Utils">
      <UniqueIdentifier>{b1b04c6f-15da-4345-aee7-83063e309e22}</UniqueIdentifier>
    </Filter>
    <Filter Include="Utils\Geo">
      <UniqueIdentifier>{43fb0a41-f7d0-487d-a4a3-9f65cd10a1c6}</UniqueIdentifier>
    </Filter>
    <Filter Include="Utils\Common">
      <UniqueIdentifier>{2804eb26-bfda-422d-8348-35c9f9a3b7be}</UniqueIdentifier>
    </Filter>
  </ItemGroup>
  <ItemGroup>
    <ClInclude Include="stdafx.h">
      <Filter>Source Files</Filter>
    </ClInclude>
    <ClInclude Include="..\..\External\iniparser\src\dictionary.h">
      <Filter>External\INI</Filter>
    </ClInclude>
    <ClInclude Include="..\..\External\iniparser\src\iniparser.h">
      <Filter>External\INI</Filter>
    </ClInclude>
    <ClInclude Include="..\..\..\iTraffic\DataInsert\Utils\geo\geo_utils.h">
      <Filter>Utils\Geo</Filter>
    </ClInclude>
    <ClInclude Include="..\..\..\iTraffic\DataInsert\Utils\Common\CommUtils.h">
      <Filter>Utils\Common</Filter>
    </ClInclude>
    <ClInclude Include="..\..\..\iTraffic\DataInsert\Utils\Common\ConcurrentCirQueue.h">
      <Filter>Utils\Common</Filter>
    </ClInclude>
    <ClInclude Include="..\..\..\iTraffic\DataInsert\Utils\Common\LogUtils.h">
      <Filter>Utils\Common</Filter>
    </ClInclude>
  </ItemGroup>
  <ItemGroup>
    <ClCompile Include="stdafx.cpp">
      <Filter>Source Files</Filter>
    </ClCompile>
    <ClCompile Include="TomcatAccess.cpp">
      <Filter>Source Files</Filter>
    </ClCompile>
    <ClCompile Include="..\..\External\iniparser\src\dictionary.c">
      <Filter>External\INI</Filter>
    </ClCompile>
    <ClCompile Include="..\..\External\iniparser\src\iniparser.c">
      <Filter>External\INI</Filter>
    </ClCompile>
    <ClCompile Include="..\..\..\iTraffic\DataInsert\Utils\geo\geo_utils.cpp">
      <Filter>Utils\Geo</Filter>
    </ClCompile>
    <ClCompile Include="..\..\..\iTraffic\DataInsert\Utils\geo\geo_utils_in_china.cpp">
      <Filter>Utils\Geo</Filter>
    </ClCompile>
    <ClCompile Include="..\..\..\iTraffic\DataInsert\Utils\Common\CommUtils.cpp">
      <Filter>Utils\Common</Filter>
    </ClCompile>
    <ClCompile Include="..\..\..\iTraffic\DataInsert\Utils\Common\LogUtils.cpp">
      <Filter>Utils\Common</Filter>
    </ClCompile>
  </ItemGroup>
</Project>